
Microsoft Visual Studio Solution File, Format Version 12.00
# Visual Studio Version 17
VisualStudioVersion = 17.1.32328.378
MinimumVisualStudioVersion = 10.0.40219.1
Project("{9A19103F-16F7-4668-BE54-9A1E7A4F7556}") = "IIIF.Manifest.Serializer.Net", "src\IIIF.Manifest.Serializer.Net\IIIF.Manifest.Serializer.Net.csproj", "{B02074F3-915D-437C-AB50-9BF8E1F4F329}"
EndProject
Project("{9A19103F-16F7-4668-BE54-9A1E7A4F7556}") = "IIIF.Manifest.Serializer.Net.Tests", "tests\IIIF.Manifest.Serializer.Net.Tests\IIIF.Manifest.Serializer.Net.Tests.csproj", "{C5E3F8A4-2D6B-4C8E-9B4A-1F7D8E9C2A3B}"
EndProject
Project("{9A19103F-16F7-4668-BE54-9A1E7A4F7556}") = "IIIF.Manifest.Serializer.Net.Examples", "examples\IIIF.Manifest.Serializer.Net.Examples\IIIF.Manifest.Serializer.Net.Examples.csproj", "{7656666B-D7EE-2B23-53FC-4364EBED59FD}"
EndProject
Project("{2150E333-8FDC-42A3-9474-1A3956D46DE8}") = "Solution Items", "Solution Items", "{1E032212-EB55-4231-A74E-5C5B7E28F687}"
	ProjectSection(SolutionItems) = preProject
		README.md = README.md
		Directory.Build.props = Directory.Build.props
	EndProjectSection
EndProject
Project("{2150E333-8FDC-42A3-9474-1A3956D46DE8}") = "examples", "examples", "{B36A84DF-456D-A817-6EDD-3EC3E7F6E11F}"
EndProject
Project("{FAE04EC0-301F-11D3-BF4B-00C04F79EFBC}") = "IIIF.Manifest.Serializer.Net.Cookbook", "examples\IIIF.Manifest.Serializer.Net.Cookbook\IIIF.Manifest.Serializer.Net.Cookbook.csproj", "{822E22D0-9C80-44D2-997C-11DABA34C6FD}"
EndProject
Project("{2150E333-8FDC-42A3-9474-1A3956D46DE8}") = "src", "src", "{827E0CD3-B72D-47B6-A68D-7590B98EB39B}"
EndProject
Global
	GlobalSection(SolutionConfigurationPlatforms) = preSolution
		Debug|Any CPU = Debug|Any CPU
		Debug|x64 = Debug|x64
		Debug|x86 = Debug|x86
		Release|Any CPU = Release|Any CPU
		Release|x64 = Release|x64
		Release|x86 = Release|x86
	EndGlobalSection
	GlobalSection(ProjectConfigurationPlatforms) = postSolution
		{B02074F3-915D-437C-AB50-9BF8E1F4F329}.Debug|Any CPU.ActiveCfg = Debug|Any CPU
		{B02074F3-915D-437C-AB50-9BF8E1F4F329}.Debug|Any CPU.Build.0 = Debug|Any CPU
		{B02074F3-915D-437C-AB50-9BF8E1F4F329}.Debug|x64.ActiveCfg = Debug|Any CPU
		{B02074F3-915D-437C-AB50-9BF8E1F4F329}.Debug|x64.Build.0 = Debug|Any CPU
		{B02074F3-915D-437C-AB50-9BF8E1F4F329}.Debug|x86.ActiveCfg = Debug|Any CPU
		{B02074F3-915D-437C-AB50-9BF8E1F4F329}.Debug|x86.Build.0 = Debug|Any CPU
		{B02074F3-915D-437C-AB50-9BF8E1F4F329}.Release|Any CPU.ActiveCfg = Release|Any CPU
		{B02074F3-915D-437C-AB50-9BF8E1F4F329}.Release|Any CPU.Build.0 = Release|Any CPU
		{B02074F3-915D-437C-AB50-9BF8E1F4F329}.Release|x64.ActiveCfg = Release|Any CPU
		{B02074F3-915D-437C-AB50-9BF8E1F4F329}.Release|x64.Build.0 = Release|Any CPU
		{B02074F3-915D-437C-AB50-9BF8E1F4F329}.Release|x86.ActiveCfg = Release|Any CPU
		{B02074F3-915D-437C-AB50-9BF8E1F4F329}.Release|x86.Build.0 = Release|Any CPU
		{C5E3F8A4-2D6B-4C8E-9B4A-1F7D8E9C2A3B}.Debug|Any CPU.ActiveCfg = Debug|Any CPU
		{C5E3F8A4-2D6B-4C8E-9B4A-1F7D8E9C2A3B}.Debug|Any CPU.Build.0 = Debug|Any CPU
		{C5E3F8A4-2D6B-4C8E-9B4A-1F7D8E9C2A3B}.Debug|x64.ActiveCfg = Debug|Any CPU
		{C5E3F8A4-2D6B-4C8E-9B4A-1F7D8E9C2A3B}.Debug|x64.Build.0 = Debug|Any CPU
		{C5E3F8A4-2D6B-4C8E-9B4A-1F7D8E9C2A3B}.Debug|x86.ActiveCfg = Debug|Any CPU
		{C5E3F8A4-2D6B-4C8E-9B4A-1F7D8E9C2A3B}.Debug|x86.Build.0 = Debug|Any CPU
		{C5E3F8A4-2D6B-4C8E-9B4A-1F7D8E9C2A3B}.Release|Any CPU.ActiveCfg = Release|Any CPU
		{C5E3F8A4-2D6B-4C8E-9B4A-1F7D8E9C2A3B}.Release|Any CPU.Build.0 = Release|Any CPU
		{C5E3F8A4-2D6B-4C8E-9B4A-1F7D8E9C2A3B}.Release|x64.ActiveCfg = Release|Any CPU
		{C5E3F8A4-2D6B-4C8E-9B4A-1F7D8E9C2A3B}.Release|x64.Build.0 = Release|Any CPU
		{C5E3F8A4-2D6B-4C8E-9B4A-1F7D8E9C2A3B}.Release|x86.ActiveCfg = Release|Any CPU
		{C5E3F8A4-2D6B-4C8E-9B4A-1F7D8E9C2A3B}.Release|x86.Build.0 = Release|Any CPU
		{7656666B-D7EE-2B23-53FC-4364EBED59FD}.Debug|x64.ActiveCfg = Debug|Any CPU
		{7656666B-D7EE-2B23-53FC-4364EBED59FD}.Debug|x64.Build.0 = Debug|Any CPU
		{7656666B-D7EE-2B23-53FC-4364EBED59FD}.Debug|x86.ActiveCfg = Debug|Any CPU
		{7656666B-D7EE-2B23-53FC-4364EBED59FD}.Debug|x86.Build.0 = Debug|Any CPU
		{7656666B-D7EE-2B23-53FC-4364EBED59FD}.Release|x64.ActiveCfg = Release|Any CPU
		{7656666B-D7EE-2B23-53FC-4364EBED59FD}.Release|x64.Build.0 = Release|Any CPU
		{7656666B-D7EE-2B23-53FC-4364EBED59FD}.Release|x86.ActiveCfg = Release|Any CPU
		{7656666B-D7EE-2B23-53FC-4364EBED59FD}.Release|x86.Build.0 = Release|Any CPU
		{7656666B-D7EE-2B23-53FC-4364EBED59FD}.Debug|Any CPU.ActiveCfg = Debug|Any CPU
		{7656666B-D7EE-2B23-53FC-4364EBED59FD}.Debug|Any CPU.Build.0 = Debug|Any CPU
		{7656666B-D7EE-2B23-53FC-4364EBED59FD}.Release|Any CPU.ActiveCfg = Release|Any CPU
		{7656666B-D7EE-2B23-53FC-4364EBED59FD}.Release|Any CPU.Build.0 = Release|Any CPU
		{822E22D0-9C80-44D2-997C-11DABA34C6FD}.Debug|Any CPU.ActiveCfg = Debug|Any CPU
		{822E22D0-9C80-44D2-997C-11DABA34C6FD}.Debug|Any CPU.Build.0 = Debug|Any CPU
		{822E22D0-9C80-44D2-997C-11DABA34C6FD}.Debug|x64.ActiveCfg = Debug|Any CPU
		{822E22D0-9C80-44D2-997C-11DABA34C6FD}.Debug|x64.Build.0 = Debug|Any CPU
		{822E22D0-9C80-44D2-997C-11DABA34C6FD}.Debug|x86.ActiveCfg = Debug|Any CPU
		{822E22D0-9C80-44D2-997C-11DABA34C6FD}.Debug|x86.Build.0 = Debug|Any CPU
		{822E22D0-9C80-44D2-997C-11DABA34C6FD}.Release|Any CPU.ActiveCfg = Release|Any CPU
		{822E22D0-9C80-44D2-997C-11DABA34C6FD}.Release|Any CPU.Build.0 = Release|Any CPU
		{822E22D0-9C80-44D2-997C-11DABA34C6FD}.Release|x64.ActiveCfg = Release|Any CPU
		{822E22D0-9C80-44D2-997C-11DABA34C6FD}.Release|x64.Build.0 = Release|Any CPU
		{822E22D0-9C80-44D2-997C-11DABA34C6FD}.Release|x86.ActiveCfg = Release|Any CPU
		{822E22D0-9C80-44D2-997C-11DABA34C6FD}.Release|x86.Build.0 = Release|Any CPU
	EndGlobalSection
	GlobalSection(SolutionProperties) = preSolution
		HideSolutionNode = FALSE
	EndGlobalSection
	GlobalSection(NestedProjects) = preSolution
		{822E22D0-9C80-44D2-997C-11DABA34C6FD} = {B36A84DF-456D-A817-6EDD-3EC3E7F6E11F}
		{7656666B-D7EE-2B23-53FC-4364EBED59FD} = {B36A84DF-456D-A817-6EDD-3EC3E7F6E11F}
		{B02074F3-915D-437C-AB50-9BF8E1F4F329} = {827E0CD3-B72D-47B6-A68D-7590B98EB39B}
	EndGlobalSection
	GlobalSection(ExtensibilityGlobals) = postSolution
		SolutionGuid = {281F3D66-CC29-4390-8F05-001FAA21F45B}
	EndGlobalSection
EndGlobal
